
Microsoft Visual Studio Solution File, Format Version 12.00
# Visual Studio Version 16
VisualStudioVersion = 16.0.32106.194
MinimumVisualStudioVersion = 10.0.40219.1
Project("{FAE04EC0-301F-11D3-BF4B-00C04F79EFBC}") = "LabTwo.2", "LabTwo.2\LabTwo.2.csproj", "{DE54839C-B37A-4CBA-AD63-EB02E66C4E89}"
EndProject
Global
	GlobalSection(SolutionConfigurationPlatforms) = preSolution
		Debug|Any CPU = Debug|Any CPU
		Release|Any CPU = Release|Any CPU
	EndGlobalSection
	GlobalSection(ProjectConfigurationPlatforms) = postSolution
		{DE54839C-B37A-4CBA-AD63-EB02E66C4E89}.Debug|Any CPU.ActiveCfg = Debug|Any CPU
		{DE54839C-B37A-4CBA-AD63-EB02E66C4E89}.Debug|Any CPU.Build.0 = Debug|Any CPU
		{DE54839C-B37A-4CBA-AD63-EB02E66C4E89}.Release|Any CPU.ActiveCfg = Release|Any CPU
		{DE54839C-B37A-4CBA-AD63-EB02E66C4E89}.Release|Any CPU.Build.0 = Release|Any CPU
	EndGlobalSection
	GlobalSection(SolutionProperties) = preSolution
		HideSolutionNode = FALSE
	EndGlobalSection
	GlobalSection(ExtensibilityGlobals) = postSolution
		SolutionGuid = {BC241C0F-ECAB-446B-9EF8-B76C1D0C36AA}
	EndGlobalSection
EndGlobal
